Microsoft Visual Studio Solution File, Format Version 13.00
# Visual Studio 2013
Project("{2150E333-8FDC-42A3-9474-1A3956D46DE8}") = "(core)", "..\..\..\..\..\core", "{EC66C75D-F0EB-90DD-3EB7-C76341DD48AE}"
EndProject
Project("{8BC9CEB8-8B4A-11D0-8D11-00A0C91BC942}") = "config", "..\config.vcxproj", "{1FE6C5DE-145D-4575-1EBD-2415CB2615D9}"
EndProject
Project("{8BC9CEB8-8B4A-11D0-8D11-00A0C91BC942}") = "generated_testing_idls", "generated_testing_idls.vcxproj", "{DB97B26E-B65F-852B-B719-299EBB6B7A9D}"
EndProject
Project("{8BC9CEB8-8B4A-11D0-8D11-00A0C91BC942}") = "make_core_generated", "make_core_generated.vcxproj", "{C9F93D8C-1778-78E6-8CC8-88C96E281276}"
	ProjectSection(ProjectDependencies) = postProject
		{DB97B26E-B65F-852B-B719-299EBB6B7A9D} = {DB97B26E-B65F-852B-B719-299EBB6B7A9D}
		{1FE6C5DE-145D-4575-1EBD-2415CB2615D9} = {1FE6C5DE-145D-4575-1EBD-2415CB2615D9}
	EndProjectSection
EndProject
Global
	GlobalSection(SolutionConfigurationPlatforms) = preSolution
		Release|x64 = Release|x64
		Debug|Win32 = Debug|Win32
		Debug|x64 = Debug|x64
		Release|Win32 = Release|Win32
	EndGlobalSection
	GlobalSection(ProjectConfigurationPlatforms) = postSolution
		{1FE6C5DE-145D-4575-1EBD-2415CB2615D9}.Release|x64.ActiveCfg = Release|x64
		{1FE6C5DE-145D-4575-1EBD-2415CB2615D9}.Release|x64.Build.0 = Release|x64
		{1FE6C5DE-145D-4575-1EBD-2415CB2615D9}.Debug|Win32.ActiveCfg = Debug|Win32
		{1FE6C5DE-145D-4575-1EBD-2415CB2615D9}.Debug|Win32.Build.0 = Debug|Win32
		{1FE6C5DE-145D-4575-1EBD-2415CB2615D9}.Debug|x64.ActiveCfg = Debug|x64
		{1FE6C5DE-145D-4575-1EBD-2415CB2615D9}.Debug|x64.Build.0 = Debug|x64
		{1FE6C5DE-145D-4575-1EBD-2415CB2615D9}.Release|Win32.ActiveCfg = Release|Win32
		{1FE6C5DE-145D-4575-1EBD-2415CB2615D9}.Release|Win32.Build.0 = Release|Win32
		{C9F93D8C-1778-78E6-8CC8-88C96E281276}.Release|x64.ActiveCfg = Release|x64
		{C9F93D8C-1778-78E6-8CC8-88C96E281276}.Release|x64.Build.0 = Release|x64
		{C9F93D8C-1778-78E6-8CC8-88C96E281276}.Debug|Win32.ActiveCfg = Debug|Win32
		{C9F93D8C-1778-78E6-8CC8-88C96E281276}.Debug|Win32.Build.0 = Debug|Win32
		{C9F93D8C-1778-78E6-8CC8-88C96E281276}.Debug|x64.ActiveCfg = Debug|x64
		{C9F93D8C-1778-78E6-8CC8-88C96E281276}.Debug|x64.Build.0 = Debug|x64
		{C9F93D8C-1778-78E6-8CC8-88C96E281276}.Release|Win32.ActiveCfg = Release|Win32
		{C9F93D8C-1778-78E6-8CC8-88C96E281276}.Release|Win32.Build.0 = Release|Win32
		{DB97B26E-B65F-852B-B719-299EBB6B7A9D}.Release|x64.ActiveCfg = Release|x64
		{DB97B26E-B65F-852B-B719-299EBB6B7A9D}.Release|x64.Build.0 = Release|x64
		{DB97B26E-B65F-852B-B719-299EBB6B7A9D}.Debug|Win32.ActiveCfg = Debug|Win32
		{DB97B26E-B65F-852B-B719-299EBB6B7A9D}.Debug|Win32.Build.0 = Debug|Win32
		{DB97B26E-B65F-852B-B719-299EBB6B7A9D}.Debug|x64.ActiveCfg = Debug|x64
		{DB97B26E-B65F-852B-B719-299EBB6B7A9D}.Debug|x64.Build.0 = Debug|x64
		{DB97B26E-B65F-852B-B719-299EBB6B7A9D}.Release|Win32.ActiveCfg = Release|Win32
		{DB97B26E-B65F-852B-B719-299EBB6B7A9D}.Release|Win32.Build.0 = Release|Win32
	EndGlobalSection
	GlobalSection(SolutionProperties) = preSolution
		HideSolutionNode = FALSE
	EndGlobalSection
	GlobalSection(NestedProjects) = preSolution
		{DB97B26E-B65F-852B-B719-299EBB6B7A9D} = {EC66C75D-F0EB-90DD-3EB7-C76341DD48AE}
		{C9F93D8C-1778-78E6-8CC8-88C96E281276} = {EC66C75D-F0EB-90DD-3EB7-C76341DD48AE}
	EndGlobalSection
EndGlobal
