Microsoft Visual Studio Solution File, Format Version 13.00
# Visual Studio 2013
Project("{2150E333-8FDC-42A3-9474-1A3956D46DE8}") = "(Source)", "..\..\..\..\Source", "{75FCAC89-FB0E-A5D2-8122-DB048230B024}"
EndProject
Project("{2150E333-8FDC-42A3-9474-1A3956D46DE8}") = "(devtools)", "..\..\..\..\Source\devtools", "{4D77EDFC-2A9D-4B6E-B4C2-8986D4F60AC5}"
EndProject
Project("{2150E333-8FDC-42A3-9474-1A3956D46DE8}") = "(public)", "..\..\..\..\public", "{46D1EF08-72D4-E465-75F9-DC182C05EA0B}"
EndProject
Project("{8BC9CEB8-8B4A-11D0-8D11-00A0C91BC942}") = "blink_devtools_frontend_resources", "blink_devtools_frontend_resources.vcxproj", "{F110C886-26D1-E91F-AA59-60EC784B46BF}"
	ProjectSection(ProjectDependencies) = postProject
		{2591EE69-DA4B-79C0-6B07-8BA5CF74F751} = {2591EE69-DA4B-79C0-6B07-8BA5CF74F751}
	EndProjectSection
EndProject
Project("{8BC9CEB8-8B4A-11D0-8D11-00A0C91BC942}") = "blink_generate_devtools_grd", "blink_generate_devtools_grd.vcxproj", "{7D28B757-D4C4-7A44-EE46-01027F90504C}"
	ProjectSection(ProjectDependencies) = postProject
		{3E16740E-97F5-C9E1-55D1-2BB22514261E} = {3E16740E-97F5-C9E1-55D1-2BB22514261E}
	EndProjectSection
EndProject
Project("{8BC9CEB8-8B4A-11D0-8D11-00A0C91BC942}") = "concatenated_devtools_audits_js", "..\Source\devtools\concatenated_devtools_audits_js.vcxproj", "{26B36289-2F0E-0BD6-5C63-5ED91CC58944}"
EndProject
Project("{8BC9CEB8-8B4A-11D0-8D11-00A0C91BC942}") = "concatenated_devtools_codemirror_js", "..\Source\devtools\concatenated_devtools_codemirror_js.vcxproj", "{9411ACA7-1356-8312-D76C-855588E8554B}"
EndProject
Project("{8BC9CEB8-8B4A-11D0-8D11-00A0C91BC942}") = "concatenated_devtools_console_js", "..\Source\devtools\concatenated_devtools_console_js.vcxproj", "{DFB91A70-8394-83AA-37D3-8E40E7DBFA67}"
EndProject
Project("{8BC9CEB8-8B4A-11D0-8D11-00A0C91BC942}") = "concatenated_devtools_css", "..\Source\devtools\concatenated_devtools_css.vcxproj", "{EEF6F11B-55FC-E672-BA52-3E65E628E57E}"
	ProjectSection(ProjectDependencies) = postProject
		{19DCE72E-091F-94D0-AB22-449C506581B3} = {19DCE72E-091F-94D0-AB22-449C506581B3}
	EndProjectSection
EndProject
Project("{8BC9CEB8-8B4A-11D0-8D11-00A0C91BC942}") = "concatenated_devtools_elements_js", "..\Source\devtools\concatenated_devtools_elements_js.vcxproj", "{CC9DB346-A0E6-62A6-64E5-B0289D0DF20E}"
EndProject
Project("{8BC9CEB8-8B4A-11D0-8D11-00A0C91BC942}") = "concatenated_devtools_extensions_js", "..\Source\devtools\concatenated_devtools_extensions_js.vcxproj", "{D384464E-B883-2A45-1C9A-2F16F39D9960}"
EndProject
Project("{8BC9CEB8-8B4A-11D0-8D11-00A0C91BC942}") = "concatenated_devtools_js", "..\Source\devtools\concatenated_devtools_js.vcxproj", "{1A039FA5-0CF9-C300-2304-A2C354F24406}"
	ProjectSection(ProjectDependencies) = postProject
		{19DCE72E-091F-94D0-AB22-449C506581B3} = {19DCE72E-091F-94D0-AB22-449C506581B3}
		{8EE8DF4D-39F8-1832-4247-757212A15DC7} = {8EE8DF4D-39F8-1832-4247-757212A15DC7}
		{17B9A4DA-2673-AD4B-3310-47955F1277EB} = {17B9A4DA-2673-AD4B-3310-47955F1277EB}
	EndProjectSection
EndProject
Project("{8BC9CEB8-8B4A-11D0-8D11-00A0C91BC942}") = "concatenated_devtools_layers_js", "..\Source\devtools\concatenated_devtools_layers_js.vcxproj", "{0A27CAD5-8557-75A6-D49C-A953C58F89E3}"
EndProject
Project("{8BC9CEB8-8B4A-11D0-8D11-00A0C91BC942}") = "concatenated_devtools_network_js", "..\Source\devtools\concatenated_devtools_network_js.vcxproj", "{EAF2A1EE-D474-2EBE-AA89-3B6F1C129E6D}"
EndProject
Project("{8BC9CEB8-8B4A-11D0-8D11-00A0C91BC942}") = "concatenated_devtools_profiles_js", "..\Source\devtools\concatenated_devtools_profiles_js.vcxproj", "{3DD8C246-0C2F-7F18-C2B4-E2918269BB27}"
EndProject
Project("{8BC9CEB8-8B4A-11D0-8D11-00A0C91BC942}") = "concatenated_devtools_resources_js", "..\Source\devtools\concatenated_devtools_resources_js.vcxproj", "{A54F77FA-42E3-997E-C5DF-FB748228BF0B}"
EndProject
Project("{8BC9CEB8-8B4A-11D0-8D11-00A0C91BC942}") = "concatenated_devtools_scripts_js", "..\Source\devtools\concatenated_devtools_scripts_js.vcxproj", "{5788C8A6-3D5A-A336-05C2-A8D3DC07AF96}"
EndProject
Project("{8BC9CEB8-8B4A-11D0-8D11-00A0C91BC942}") = "concatenated_devtools_timeline_js", "..\Source\devtools\concatenated_devtools_timeline_js.vcxproj", "{1FB85E88-4A36-4ABB-0EE0-FCCC515FC92E}"
EndProject
Project("{8BC9CEB8-8B4A-11D0-8D11-00A0C91BC942}") = "concatenated_heap_snapshot_worker_js", "..\Source\devtools\concatenated_heap_snapshot_worker_js.vcxproj", "{95ADE6D8-06B3-94EA-0002-1C52483DEFD6}"
EndProject
Project("{8BC9CEB8-8B4A-11D0-8D11-00A0C91BC942}") = "concatenated_script_formatter_worker_js", "..\Source\devtools\concatenated_script_formatter_worker_js.vcxproj", "{82B8E20F-E1C2-4115-8F55-551079B02530}"
EndProject
Project("{8BC9CEB8-8B4A-11D0-8D11-00A0C91BC942}") = "concatenated_temp_storage_shared_worker_js", "..\Source\devtools\concatenated_temp_storage_shared_worker_js.vcxproj", "{96AFBAEC-7FFC-C325-B47B-6B4D888602D2}"
EndProject
Project("{8BC9CEB8-8B4A-11D0-8D11-00A0C91BC942}") = "devtools_extension_api", "..\Source\devtools\devtools_extension_api.vcxproj", "{F48E69C0-5A08-C403-E5BB-BB9924D28C74}"
EndProject
Project("{8BC9CEB8-8B4A-11D0-8D11-00A0C91BC942}") = "devtools_frontend_resources", "..\Source\devtools\devtools_frontend_resources.vcxproj", "{2591EE69-DA4B-79C0-6B07-8BA5CF74F751}"
	ProjectSection(ProjectDependencies) = postProject
		{19DCE72E-091F-94D0-AB22-449C506581B3} = {19DCE72E-091F-94D0-AB22-449C506581B3}
		{8EE8DF4D-39F8-1832-4247-757212A15DC7} = {8EE8DF4D-39F8-1832-4247-757212A15DC7}
		{17B9A4DA-2673-AD4B-3310-47955F1277EB} = {17B9A4DA-2673-AD4B-3310-47955F1277EB}
		{1A039FA5-0CF9-C300-2304-A2C354F24406} = {1A039FA5-0CF9-C300-2304-A2C354F24406}
		{DFB91A70-8394-83AA-37D3-8E40E7DBFA67} = {DFB91A70-8394-83AA-37D3-8E40E7DBFA67}
		{CC9DB346-A0E6-62A6-64E5-B0289D0DF20E} = {CC9DB346-A0E6-62A6-64E5-B0289D0DF20E}
		{A54F77FA-42E3-997E-C5DF-FB748228BF0B} = {A54F77FA-42E3-997E-C5DF-FB748228BF0B}
		{EAF2A1EE-D474-2EBE-AA89-3B6F1C129E6D} = {EAF2A1EE-D474-2EBE-AA89-3B6F1C129E6D}
		{D384464E-B883-2A45-1C9A-2F16F39D9960} = {D384464E-B883-2A45-1C9A-2F16F39D9960}
		{5788C8A6-3D5A-A336-05C2-A8D3DC07AF96} = {5788C8A6-3D5A-A336-05C2-A8D3DC07AF96}
		{1FB85E88-4A36-4ABB-0EE0-FCCC515FC92E} = {1FB85E88-4A36-4ABB-0EE0-FCCC515FC92E}
		{3DD8C246-0C2F-7F18-C2B4-E2918269BB27} = {3DD8C246-0C2F-7F18-C2B4-E2918269BB27}
		{26B36289-2F0E-0BD6-5C63-5ED91CC58944} = {26B36289-2F0E-0BD6-5C63-5ED91CC58944}
		{9411ACA7-1356-8312-D76C-855588E8554B} = {9411ACA7-1356-8312-D76C-855588E8554B}
		{0A27CAD5-8557-75A6-D49C-A953C58F89E3} = {0A27CAD5-8557-75A6-D49C-A953C58F89E3}
		{95ADE6D8-06B3-94EA-0002-1C52483DEFD6} = {95ADE6D8-06B3-94EA-0002-1C52483DEFD6}
		{82B8E20F-E1C2-4115-8F55-551079B02530} = {82B8E20F-E1C2-4115-8F55-551079B02530}
		{96AFBAEC-7FFC-C325-B47B-6B4D888602D2} = {96AFBAEC-7FFC-C325-B47B-6B4D888602D2}
		{EEF6F11B-55FC-E672-BA52-3E65E628E57E} = {EEF6F11B-55FC-E672-BA52-3E65E628E57E}
	EndProjectSection
EndProject
Project("{8BC9CEB8-8B4A-11D0-8D11-00A0C91BC942}") = "devtools_html", "..\Source\devtools\devtools_html.vcxproj", "{19DCE72E-091F-94D0-AB22-449C506581B3}"
EndProject
Project("{8BC9CEB8-8B4A-11D0-8D11-00A0C91BC942}") = "frontend_protocol_sources", "..\Source\devtools\frontend_protocol_sources.vcxproj", "{17B9A4DA-2673-AD4B-3310-47955F1277EB}"
EndProject
Project("{8BC9CEB8-8B4A-11D0-8D11-00A0C91BC942}") = "generate_devtools_grd", "..\Source\devtools\generate_devtools_grd.vcxproj", "{3E16740E-97F5-C9E1-55D1-2BB22514261E}"
	ProjectSection(ProjectDependencies) = postProject
		{19DCE72E-091F-94D0-AB22-449C506581B3} = {19DCE72E-091F-94D0-AB22-449C506581B3}
		{F48E69C0-5A08-C403-E5BB-BB9924D28C74} = {F48E69C0-5A08-C403-E5BB-BB9924D28C74}
		{1A039FA5-0CF9-C300-2304-A2C354F24406} = {1A039FA5-0CF9-C300-2304-A2C354F24406}
		{DFB91A70-8394-83AA-37D3-8E40E7DBFA67} = {DFB91A70-8394-83AA-37D3-8E40E7DBFA67}
		{CC9DB346-A0E6-62A6-64E5-B0289D0DF20E} = {CC9DB346-A0E6-62A6-64E5-B0289D0DF20E}
		{A54F77FA-42E3-997E-C5DF-FB748228BF0B} = {A54F77FA-42E3-997E-C5DF-FB748228BF0B}
		{EAF2A1EE-D474-2EBE-AA89-3B6F1C129E6D} = {EAF2A1EE-D474-2EBE-AA89-3B6F1C129E6D}
		{D384464E-B883-2A45-1C9A-2F16F39D9960} = {D384464E-B883-2A45-1C9A-2F16F39D9960}
		{5788C8A6-3D5A-A336-05C2-A8D3DC07AF96} = {5788C8A6-3D5A-A336-05C2-A8D3DC07AF96}
		{1FB85E88-4A36-4ABB-0EE0-FCCC515FC92E} = {1FB85E88-4A36-4ABB-0EE0-FCCC515FC92E}
		{3DD8C246-0C2F-7F18-C2B4-E2918269BB27} = {3DD8C246-0C2F-7F18-C2B4-E2918269BB27}
		{26B36289-2F0E-0BD6-5C63-5ED91CC58944} = {26B36289-2F0E-0BD6-5C63-5ED91CC58944}
		{9411ACA7-1356-8312-D76C-855588E8554B} = {9411ACA7-1356-8312-D76C-855588E8554B}
		{0A27CAD5-8557-75A6-D49C-A953C58F89E3} = {0A27CAD5-8557-75A6-D49C-A953C58F89E3}
		{95ADE6D8-06B3-94EA-0002-1C52483DEFD6} = {95ADE6D8-06B3-94EA-0002-1C52483DEFD6}
		{82B8E20F-E1C2-4115-8F55-551079B02530} = {82B8E20F-E1C2-4115-8F55-551079B02530}
		{96AFBAEC-7FFC-C325-B47B-6B4D888602D2} = {96AFBAEC-7FFC-C325-B47B-6B4D888602D2}
		{EEF6F11B-55FC-E672-BA52-3E65E628E57E} = {EEF6F11B-55FC-E672-BA52-3E65E628E57E}
	EndProjectSection
EndProject
Project("{8BC9CEB8-8B4A-11D0-8D11-00A0C91BC942}") = "supported_css_properties", "..\Source\devtools\supported_css_properties.vcxproj", "{8EE8DF4D-39F8-1832-4247-757212A15DC7}"
EndProject
Global
	GlobalSection(SolutionConfigurationPlatforms) = preSolution
		Release|x64 = Release|x64
		Debug|Win32 = Debug|Win32
		Debug|x64 = Debug|x64
		Release|Win32 = Release|Win32
	EndGlobalSection
	GlobalSection(ProjectConfigurationPlatforms) = postSolution
		{0A27CAD5-8557-75A6-D49C-A953C58F89E3}.Release|x64.ActiveCfg = Release|x64
		{0A27CAD5-8557-75A6-D49C-A953C58F89E3}.Release|x64.Build.0 = Release|x64
		{0A27CAD5-8557-75A6-D49C-A953C58F89E3}.Debug|Win32.ActiveCfg = Debug|Win32
		{0A27CAD5-8557-75A6-D49C-A953C58F89E3}.Debug|Win32.Build.0 = Debug|Win32
		{0A27CAD5-8557-75A6-D49C-A953C58F89E3}.Debug|x64.ActiveCfg = Debug|x64
		{0A27CAD5-8557-75A6-D49C-A953C58F89E3}.Debug|x64.Build.0 = Debug|x64
		{0A27CAD5-8557-75A6-D49C-A953C58F89E3}.Release|Win32.ActiveCfg = Release|Win32
		{0A27CAD5-8557-75A6-D49C-A953C58F89E3}.Release|Win32.Build.0 = Release|Win32
		{17B9A4DA-2673-AD4B-3310-47955F1277EB}.Release|x64.ActiveCfg = Release|x64
		{17B9A4DA-2673-AD4B-3310-47955F1277EB}.Release|x64.Build.0 = Release|x64
		{17B9A4DA-2673-AD4B-3310-47955F1277EB}.Debug|Win32.ActiveCfg = Debug|Win32
		{17B9A4DA-2673-AD4B-3310-47955F1277EB}.Debug|Win32.Build.0 = Debug|Win32
		{17B9A4DA-2673-AD4B-3310-47955F1277EB}.Debug|x64.ActiveCfg = Debug|x64
		{17B9A4DA-2673-AD4B-3310-47955F1277EB}.Debug|x64.Build.0 = Debug|x64
		{17B9A4DA-2673-AD4B-3310-47955F1277EB}.Release|Win32.ActiveCfg = Release|Win32
		{17B9A4DA-2673-AD4B-3310-47955F1277EB}.Release|Win32.Build.0 = Release|Win32
		{19DCE72E-091F-94D0-AB22-449C506581B3}.Release|x64.ActiveCfg = Release|x64
		{19DCE72E-091F-94D0-AB22-449C506581B3}.Release|x64.Build.0 = Release|x64
		{19DCE72E-091F-94D0-AB22-449C506581B3}.Debug|Win32.ActiveCfg = Debug|Win32
		{19DCE72E-091F-94D0-AB22-449C506581B3}.Debug|Win32.Build.0 = Debug|Win32
		{19DCE72E-091F-94D0-AB22-449C506581B3}.Debug|x64.ActiveCfg = Debug|x64
		{19DCE72E-091F-94D0-AB22-449C506581B3}.Debug|x64.Build.0 = Debug|x64
		{19DCE72E-091F-94D0-AB22-449C506581B3}.Release|Win32.ActiveCfg = Release|Win32
		{19DCE72E-091F-94D0-AB22-449C506581B3}.Release|Win32.Build.0 = Release|Win32
		{1A039FA5-0CF9-C300-2304-A2C354F24406}.Release|x64.ActiveCfg = Release|x64
		{1A039FA5-0CF9-C300-2304-A2C354F24406}.Release|x64.Build.0 = Release|x64
		{1A039FA5-0CF9-C300-2304-A2C354F24406}.Debug|Win32.ActiveCfg = Debug|Win32
		{1A039FA5-0CF9-C300-2304-A2C354F24406}.Debug|Win32.Build.0 = Debug|Win32
		{1A039FA5-0CF9-C300-2304-A2C354F24406}.Debug|x64.ActiveCfg = Debug|x64
		{1A039FA5-0CF9-C300-2304-A2C354F24406}.Debug|x64.Build.0 = Debug|x64
		{1A039FA5-0CF9-C300-2304-A2C354F24406}.Release|Win32.ActiveCfg = Release|Win32
		{1A039FA5-0CF9-C300-2304-A2C354F24406}.Release|Win32.Build.0 = Release|Win32
		{1FB85E88-4A36-4ABB-0EE0-FCCC515FC92E}.Release|x64.ActiveCfg = Release|x64
		{1FB85E88-4A36-4ABB-0EE0-FCCC515FC92E}.Release|x64.Build.0 = Release|x64
		{1FB85E88-4A36-4ABB-0EE0-FCCC515FC92E}.Debug|Win32.ActiveCfg = Debug|Win32
		{1FB85E88-4A36-4ABB-0EE0-FCCC515FC92E}.Debug|Win32.Build.0 = Debug|Win32
		{1FB85E88-4A36-4ABB-0EE0-FCCC515FC92E}.Debug|x64.ActiveCfg = Debug|x64
		{1FB85E88-4A36-4ABB-0EE0-FCCC515FC92E}.Debug|x64.Build.0 = Debug|x64
		{1FB85E88-4A36-4ABB-0EE0-FCCC515FC92E}.Release|Win32.ActiveCfg = Release|Win32
		{1FB85E88-4A36-4ABB-0EE0-FCCC515FC92E}.Release|Win32.Build.0 = Release|Win32
		{2591EE69-DA4B-79C0-6B07-8BA5CF74F751}.Release|x64.ActiveCfg = Release|x64
		{2591EE69-DA4B-79C0-6B07-8BA5CF74F751}.Release|x64.Build.0 = Release|x64
		{2591EE69-DA4B-79C0-6B07-8BA5CF74F751}.Debug|Win32.ActiveCfg = Debug|Win32
		{2591EE69-DA4B-79C0-6B07-8BA5CF74F751}.Debug|Win32.Build.0 = Debug|Win32
		{2591EE69-DA4B-79C0-6B07-8BA5CF74F751}.Debug|x64.ActiveCfg = Debug|x64
		{2591EE69-DA4B-79C0-6B07-8BA5CF74F751}.Debug|x64.Build.0 = Debug|x64
		{2591EE69-DA4B-79C0-6B07-8BA5CF74F751}.Release|Win32.ActiveCfg = Release|Win32
		{2591EE69-DA4B-79C0-6B07-8BA5CF74F751}.Release|Win32.Build.0 = Release|Win32
		{26B36289-2F0E-0BD6-5C63-5ED91CC58944}.Release|x64.ActiveCfg = Release|x64
		{26B36289-2F0E-0BD6-5C63-5ED91CC58944}.Release|x64.Build.0 = Release|x64
		{26B36289-2F0E-0BD6-5C63-5ED91CC58944}.Debug|Win32.ActiveCfg = Debug|Win32
		{26B36289-2F0E-0BD6-5C63-5ED91CC58944}.Debug|Win32.Build.0 = Debug|Win32
		{26B36289-2F0E-0BD6-5C63-5ED91CC58944}.Debug|x64.ActiveCfg = Debug|x64
		{26B36289-2F0E-0BD6-5C63-5ED91CC58944}.Debug|x64.Build.0 = Debug|x64
		{26B36289-2F0E-0BD6-5C63-5ED91CC58944}.Release|Win32.ActiveCfg = Release|Win32
		{26B36289-2F0E-0BD6-5C63-5ED91CC58944}.Release|Win32.Build.0 = Release|Win32
		{3DD8C246-0C2F-7F18-C2B4-E2918269BB27}.Release|x64.ActiveCfg = Release|x64
		{3DD8C246-0C2F-7F18-C2B4-E2918269BB27}.Release|x64.Build.0 = Release|x64
		{3DD8C246-0C2F-7F18-C2B4-E2918269BB27}.Debug|Win32.ActiveCfg = Debug|Win32
		{3DD8C246-0C2F-7F18-C2B4-E2918269BB27}.Debug|Win32.Build.0 = Debug|Win32
		{3DD8C246-0C2F-7F18-C2B4-E2918269BB27}.Debug|x64.ActiveCfg = Debug|x64
		{3DD8C246-0C2F-7F18-C2B4-E2918269BB27}.Debug|x64.Build.0 = Debug|x64
		{3DD8C246-0C2F-7F18-C2B4-E2918269BB27}.Release|Win32.ActiveCfg = Release|Win32
		{3DD8C246-0C2F-7F18-C2B4-E2918269BB27}.Release|Win32.Build.0 = Release|Win32
		{3E16740E-97F5-C9E1-55D1-2BB22514261E}.Release|x64.ActiveCfg = Release|x64
		{3E16740E-97F5-C9E1-55D1-2BB22514261E}.Release|x64.Build.0 = Release|x64
		{3E16740E-97F5-C9E1-55D1-2BB22514261E}.Debug|Win32.ActiveCfg = Debug|Win32
		{3E16740E-97F5-C9E1-55D1-2BB22514261E}.Debug|Win32.Build.0 = Debug|Win32
		{3E16740E-97F5-C9E1-55D1-2BB22514261E}.Debug|x64.ActiveCfg = Debug|x64
		{3E16740E-97F5-C9E1-55D1-2BB22514261E}.Debug|x64.Build.0 = Debug|x64
		{3E16740E-97F5-C9E1-55D1-2BB22514261E}.Release|Win32.ActiveCfg = Release|Win32
		{3E16740E-97F5-C9E1-55D1-2BB22514261E}.Release|Win32.Build.0 = Release|Win32
		{5788C8A6-3D5A-A336-05C2-A8D3DC07AF96}.Release|x64.ActiveCfg = Release|x64
		{5788C8A6-3D5A-A336-05C2-A8D3DC07AF96}.Release|x64.Build.0 = Release|x64
		{5788C8A6-3D5A-A336-05C2-A8D3DC07AF96}.Debug|Win32.ActiveCfg = Debug|Win32
		{5788C8A6-3D5A-A336-05C2-A8D3DC07AF96}.Debug|Win32.Build.0 = Debug|Win32
		{5788C8A6-3D5A-A336-05C2-A8D3DC07AF96}.Debug|x64.ActiveCfg = Debug|x64
		{5788C8A6-3D5A-A336-05C2-A8D3DC07AF96}.Debug|x64.Build.0 = Debug|x64
		{5788C8A6-3D5A-A336-05C2-A8D3DC07AF96}.Release|Win32.ActiveCfg = Release|Win32
		{5788C8A6-3D5A-A336-05C2-A8D3DC07AF96}.Release|Win32.Build.0 = Release|Win32
		{7D28B757-D4C4-7A44-EE46-01027F90504C}.Release|x64.ActiveCfg = Release|x64
		{7D28B757-D4C4-7A44-EE46-01027F90504C}.Release|x64.Build.0 = Release|x64
		{7D28B757-D4C4-7A44-EE46-01027F90504C}.Debug|Win32.ActiveCfg = Debug|Win32
		{7D28B757-D4C4-7A44-EE46-01027F90504C}.Debug|Win32.Build.0 = Debug|Win32
		{7D28B757-D4C4-7A44-EE46-01027F90504C}.Debug|x64.ActiveCfg = Debug|x64
		{7D28B757-D4C4-7A44-EE46-01027F90504C}.Debug|x64.Build.0 = Debug|x64
		{7D28B757-D4C4-7A44-EE46-01027F90504C}.Release|Win32.ActiveCfg = Release|Win32
		{7D28B757-D4C4-7A44-EE46-01027F90504C}.Release|Win32.Build.0 = Release|Win32
		{82B8E20F-E1C2-4115-8F55-551079B02530}.Release|x64.ActiveCfg = Release|x64
		{82B8E20F-E1C2-4115-8F55-551079B02530}.Release|x64.Build.0 = Release|x64
		{82B8E20F-E1C2-4115-8F55-551079B02530}.Debug|Win32.ActiveCfg = Debug|Win32
		{82B8E20F-E1C2-4115-8F55-551079B02530}.Debug|Win32.Build.0 = Debug|Win32
		{82B8E20F-E1C2-4115-8F55-551079B02530}.Debug|x64.ActiveCfg = Debug|x64
		{82B8E20F-E1C2-4115-8F55-551079B02530}.Debug|x64.Build.0 = Debug|x64
		{82B8E20F-E1C2-4115-8F55-551079B02530}.Release|Win32.ActiveCfg = Release|Win32
		{82B8E20F-E1C2-4115-8F55-551079B02530}.Release|Win32.Build.0 = Release|Win32
		{8EE8DF4D-39F8-1832-4247-757212A15DC7}.Release|x64.ActiveCfg = Release|x64
		{8EE8DF4D-39F8-1832-4247-757212A15DC7}.Release|x64.Build.0 = Release|x64
		{8EE8DF4D-39F8-1832-4247-757212A15DC7}.Debug|Win32.ActiveCfg = Debug|Win32
		{8EE8DF4D-39F8-1832-4247-757212A15DC7}.Debug|Win32.Build.0 = Debug|Win32
		{8EE8DF4D-39F8-1832-4247-757212A15DC7}.Debug|x64.ActiveCfg = Debug|x64
		{8EE8DF4D-39F8-1832-4247-757212A15DC7}.Debug|x64.Build.0 = Debug|x64
		{8EE8DF4D-39F8-1832-4247-757212A15DC7}.Release|Win32.ActiveCfg = Release|Win32
		{8EE8DF4D-39F8-1832-4247-757212A15DC7}.Release|Win32.Build.0 = Release|Win32
		{9411ACA7-1356-8312-D76C-855588E8554B}.Release|x64.ActiveCfg = Release|x64
		{9411ACA7-1356-8312-D76C-855588E8554B}.Release|x64.Build.0 = Release|x64
		{9411ACA7-1356-8312-D76C-855588E8554B}.Debug|Win32.ActiveCfg = Debug|Win32
		{9411ACA7-1356-8312-D76C-855588E8554B}.Debug|Win32.Build.0 = Debug|Win32
		{9411ACA7-1356-8312-D76C-855588E8554B}.Debug|x64.ActiveCfg = Debug|x64
		{9411ACA7-1356-8312-D76C-855588E8554B}.Debug|x64.Build.0 = Debug|x64
		{9411ACA7-1356-8312-D76C-855588E8554B}.Release|Win32.ActiveCfg = Release|Win32
		{9411ACA7-1356-8312-D76C-855588E8554B}.Release|Win32.Build.0 = Release|Win32
		{95ADE6D8-06B3-94EA-0002-1C52483DEFD6}.Release|x64.ActiveCfg = Release|x64
		{95ADE6D8-06B3-94EA-0002-1C52483DEFD6}.Release|x64.Build.0 = Release|x64
		{95ADE6D8-06B3-94EA-0002-1C52483DEFD6}.Debug|Win32.ActiveCfg = Debug|Win32
		{95ADE6D8-06B3-94EA-0002-1C52483DEFD6}.Debug|Win32.Build.0 = Debug|Win32
		{95ADE6D8-06B3-94EA-0002-1C52483DEFD6}.Debug|x64.ActiveCfg = Debug|x64
		{95ADE6D8-06B3-94EA-0002-1C52483DEFD6}.Debug|x64.Build.0 = Debug|x64
		{95ADE6D8-06B3-94EA-0002-1C52483DEFD6}.Release|Win32.ActiveCfg = Release|Win32
		{95ADE6D8-06B3-94EA-0002-1C52483DEFD6}.Release|Win32.Build.0 = Release|Win32
		{96AFBAEC-7FFC-C325-B47B-6B4D888602D2}.Release|x64.ActiveCfg = Release|x64
		{96AFBAEC-7FFC-C325-B47B-6B4D888602D2}.Release|x64.Build.0 = Release|x64
		{96AFBAEC-7FFC-C325-B47B-6B4D888602D2}.Debug|Win32.ActiveCfg = Debug|Win32
		{96AFBAEC-7FFC-C325-B47B-6B4D888602D2}.Debug|Win32.Build.0 = Debug|Win32
		{96AFBAEC-7FFC-C325-B47B-6B4D888602D2}.Debug|x64.ActiveCfg = Debug|x64
		{96AFBAEC-7FFC-C325-B47B-6B4D888602D2}.Debug|x64.Build.0 = Debug|x64
		{96AFBAEC-7FFC-C325-B47B-6B4D888602D2}.Release|Win32.ActiveCfg = Release|Win32
		{96AFBAEC-7FFC-C325-B47B-6B4D888602D2}.Release|Win32.Build.0 = Release|Win32
		{A54F77FA-42E3-997E-C5DF-FB748228BF0B}.Release|x64.ActiveCfg = Release|x64
		{A54F77FA-42E3-997E-C5DF-FB748228BF0B}.Release|x64.Build.0 = Release|x64
		{A54F77FA-42E3-997E-C5DF-FB748228BF0B}.Debug|Win32.ActiveCfg = Debug|Win32
		{A54F77FA-42E3-997E-C5DF-FB748228BF0B}.Debug|Win32.Build.0 = Debug|Win32
		{A54F77FA-42E3-997E-C5DF-FB748228BF0B}.Debug|x64.ActiveCfg = Debug|x64
		{A54F77FA-42E3-997E-C5DF-FB748228BF0B}.Debug|x64.Build.0 = Debug|x64
		{A54F77FA-42E3-997E-C5DF-FB748228BF0B}.Release|Win32.ActiveCfg = Release|Win32
		{A54F77FA-42E3-997E-C5DF-FB748228BF0B}.Release|Win32.Build.0 = Release|Win32
		{CC9DB346-A0E6-62A6-64E5-B0289D0DF20E}.Release|x64.ActiveCfg = Release|x64
		{CC9DB346-A0E6-62A6-64E5-B0289D0DF20E}.Release|x64.Build.0 = Release|x64
		{CC9DB346-A0E6-62A6-64E5-B0289D0DF20E}.Debug|Win32.ActiveCfg = Debug|Win32
		{CC9DB346-A0E6-62A6-64E5-B0289D0DF20E}.Debug|Win32.Build.0 = Debug|Win32
		{CC9DB346-A0E6-62A6-64E5-B0289D0DF20E}.Debug|x64.ActiveCfg = Debug|x64
		{CC9DB346-A0E6-62A6-64E5-B0289D0DF20E}.Debug|x64.Build.0 = Debug|x64
		{CC9DB346-A0E6-62A6-64E5-B0289D0DF20E}.Release|Win32.ActiveCfg = Release|Win32
		{CC9DB346-A0E6-62A6-64E5-B0289D0DF20E}.Release|Win32.Build.0 = Release|Win32
		{D384464E-B883-2A45-1C9A-2F16F39D9960}.Release|x64.ActiveCfg = Release|x64
		{D384464E-B883-2A45-1C9A-2F16F39D9960}.Release|x64.Build.0 = Release|x64
		{D384464E-B883-2A45-1C9A-2F16F39D9960}.Debug|Win32.ActiveCfg = Debug|Win32
		{D384464E-B883-2A45-1C9A-2F16F39D9960}.Debug|Win32.Build.0 = Debug|Win32
		{D384464E-B883-2A45-1C9A-2F16F39D9960}.Debug|x64.ActiveCfg = Debug|x64
		{D384464E-B883-2A45-1C9A-2F16F39D9960}.Debug|x64.Build.0 = Debug|x64
		{D384464E-B883-2A45-1C9A-2F16F39D9960}.Release|Win32.ActiveCfg = Release|Win32
		{D384464E-B883-2A45-1C9A-2F16F39D9960}.Release|Win32.Build.0 = Release|Win32
		{DFB91A70-8394-83AA-37D3-8E40E7DBFA67}.Release|x64.ActiveCfg = Release|x64
		{DFB91A70-8394-83AA-37D3-8E40E7DBFA67}.Release|x64.Build.0 = Release|x64
		{DFB91A70-8394-83AA-37D3-8E40E7DBFA67}.Debug|Win32.ActiveCfg = Debug|Win32
		{DFB91A70-8394-83AA-37D3-8E40E7DBFA67}.Debug|Win32.Build.0 = Debug|Win32
		{DFB91A70-8394-83AA-37D3-8E40E7DBFA67}.Debug|x64.ActiveCfg = Debug|x64
		{DFB91A70-8394-83AA-37D3-8E40E7DBFA67}.Debug|x64.Build.0 = Debug|x64
		{DFB91A70-8394-83AA-37D3-8E40E7DBFA67}.Release|Win32.ActiveCfg = Release|Win32
		{DFB91A70-8394-83AA-37D3-8E40E7DBFA67}.Release|Win32.Build.0 = Release|Win32
		{EAF2A1EE-D474-2EBE-AA89-3B6F1C129E6D}.Release|x64.ActiveCfg = Release|x64
		{EAF2A1EE-D474-2EBE-AA89-3B6F1C129E6D}.Release|x64.Build.0 = Release|x64
		{EAF2A1EE-D474-2EBE-AA89-3B6F1C129E6D}.Debug|Win32.ActiveCfg = Debug|Win32
		{EAF2A1EE-D474-2EBE-AA89-3B6F1C129E6D}.Debug|Win32.Build.0 = Debug|Win32
		{EAF2A1EE-D474-2EBE-AA89-3B6F1C129E6D}.Debug|x64.ActiveCfg = Debug|x64
		{EAF2A1EE-D474-2EBE-AA89-3B6F1C129E6D}.Debug|x64.Build.0 = Debug|x64
		{EAF2A1EE-D474-2EBE-AA89-3B6F1C129E6D}.Release|Win32.ActiveCfg = Release|Win32
		{EAF2A1EE-D474-2EBE-AA89-3B6F1C129E6D}.Release|Win32.Build.0 = Release|Win32
		{EEF6F11B-55FC-E672-BA52-3E65E628E57E}.Release|x64.ActiveCfg = Release|x64
		{EEF6F11B-55FC-E672-BA52-3E65E628E57E}.Release|x64.Build.0 = Release|x64
		{EEF6F11B-55FC-E672-BA52-3E65E628E57E}.Debug|Win32.ActiveCfg = Debug|Win32
		{EEF6F11B-55FC-E672-BA52-3E65E628E57E}.Debug|Win32.Build.0 = Debug|Win32
		{EEF6F11B-55FC-E672-BA52-3E65E628E57E}.Debug|x64.ActiveCfg = Debug|x64
		{EEF6F11B-55FC-E672-BA52-3E65E628E57E}.Debug|x64.Build.0 = Debug|x64
		{EEF6F11B-55FC-E672-BA52-3E65E628E57E}.Release|Win32.ActiveCfg = Release|Win32
		{EEF6F11B-55FC-E672-BA52-3E65E628E57E}.Release|Win32.Build.0 = Release|Win32
		{F110C886-26D1-E91F-AA59-60EC784B46BF}.Release|x64.ActiveCfg = Release|x64
		{F110C886-26D1-E91F-AA59-60EC784B46BF}.Release|x64.Build.0 = Release|x64
		{F110C886-26D1-E91F-AA59-60EC784B46BF}.Debug|Win32.ActiveCfg = Debug|Win32
		{F110C886-26D1-E91F-AA59-60EC784B46BF}.Debug|Win32.Build.0 = Debug|Win32
		{F110C886-26D1-E91F-AA59-60EC784B46BF}.Debug|x64.ActiveCfg = Debug|x64
		{F110C886-26D1-E91F-AA59-60EC784B46BF}.Debug|x64.Build.0 = Debug|x64
		{F110C886-26D1-E91F-AA59-60EC784B46BF}.Release|Win32.ActiveCfg = Release|Win32
		{F110C886-26D1-E91F-AA59-60EC784B46BF}.Release|Win32.Build.0 = Release|Win32
		{F48E69C0-5A08-C403-E5BB-BB9924D28C74}.Release|x64.ActiveCfg = Release|x64
		{F48E69C0-5A08-C403-E5BB-BB9924D28C74}.Release|x64.Build.0 = Release|x64
		{F48E69C0-5A08-C403-E5BB-BB9924D28C74}.Debug|Win32.ActiveCfg = Debug|Win32
		{F48E69C0-5A08-C403-E5BB-BB9924D28C74}.Debug|Win32.Build.0 = Debug|Win32
		{F48E69C0-5A08-C403-E5BB-BB9924D28C74}.Debug|x64.ActiveCfg = Debug|x64
		{F48E69C0-5A08-C403-E5BB-BB9924D28C74}.Debug|x64.Build.0 = Debug|x64
		{F48E69C0-5A08-C403-E5BB-BB9924D28C74}.Release|Win32.ActiveCfg = Release|Win32
		{F48E69C0-5A08-C403-E5BB-BB9924D28C74}.Release|Win32.Build.0 = Release|Win32
	EndGlobalSection
	GlobalSection(SolutionProperties) = preSolution
		HideSolutionNode = FALSE
	EndGlobalSection
	GlobalSection(NestedProjects) = preSolution
		{4D77EDFC-2A9D-4B6E-B4C2-8986D4F60AC5} = {75FCAC89-FB0E-A5D2-8122-DB048230B024}
		{26B36289-2F0E-0BD6-5C63-5ED91CC58944} = {4D77EDFC-2A9D-4B6E-B4C2-8986D4F60AC5}
		{9411ACA7-1356-8312-D76C-855588E8554B} = {4D77EDFC-2A9D-4B6E-B4C2-8986D4F60AC5}
		{DFB91A70-8394-83AA-37D3-8E40E7DBFA67} = {4D77EDFC-2A9D-4B6E-B4C2-8986D4F60AC5}
		{EEF6F11B-55FC-E672-BA52-3E65E628E57E} = {4D77EDFC-2A9D-4B6E-B4C2-8986D4F60AC5}
		{CC9DB346-A0E6-62A6-64E5-B0289D0DF20E} = {4D77EDFC-2A9D-4B6E-B4C2-8986D4F60AC5}
		{D384464E-B883-2A45-1C9A-2F16F39D9960} = {4D77EDFC-2A9D-4B6E-B4C2-8986D4F60AC5}
		{1A039FA5-0CF9-C300-2304-A2C354F24406} = {4D77EDFC-2A9D-4B6E-B4C2-8986D4F60AC5}
		{0A27CAD5-8557-75A6-D49C-A953C58F89E3} = {4D77EDFC-2A9D-4B6E-B4C2-8986D4F60AC5}
		{EAF2A1EE-D474-2EBE-AA89-3B6F1C129E6D} = {4D77EDFC-2A9D-4B6E-B4C2-8986D4F60AC5}
		{3DD8C246-0C2F-7F18-C2B4-E2918269BB27} = {4D77EDFC-2A9D-4B6E-B4C2-8986D4F60AC5}
		{A54F77FA-42E3-997E-C5DF-FB748228BF0B} = {4D77EDFC-2A9D-4B6E-B4C2-8986D4F60AC5}
		{5788C8A6-3D5A-A336-05C2-A8D3DC07AF96} = {4D77EDFC-2A9D-4B6E-B4C2-8986D4F60AC5}
		{1FB85E88-4A36-4ABB-0EE0-FCCC515FC92E} = {4D77EDFC-2A9D-4B6E-B4C2-8986D4F60AC5}
		{95ADE6D8-06B3-94EA-0002-1C52483DEFD6} = {4D77EDFC-2A9D-4B6E-B4C2-8986D4F60AC5}
		{82B8E20F-E1C2-4115-8F55-551079B02530} = {4D77EDFC-2A9D-4B6E-B4C2-8986D4F60AC5}
		{96AFBAEC-7FFC-C325-B47B-6B4D888602D2} = {4D77EDFC-2A9D-4B6E-B4C2-8986D4F60AC5}
		{F48E69C0-5A08-C403-E5BB-BB9924D28C74} = {4D77EDFC-2A9D-4B6E-B4C2-8986D4F60AC5}
		{2591EE69-DA4B-79C0-6B07-8BA5CF74F751} = {4D77EDFC-2A9D-4B6E-B4C2-8986D4F60AC5}
		{19DCE72E-091F-94D0-AB22-449C506581B3} = {4D77EDFC-2A9D-4B6E-B4C2-8986D4F60AC5}
		{17B9A4DA-2673-AD4B-3310-47955F1277EB} = {4D77EDFC-2A9D-4B6E-B4C2-8986D4F60AC5}
		{3E16740E-97F5-C9E1-55D1-2BB22514261E} = {4D77EDFC-2A9D-4B6E-B4C2-8986D4F60AC5}
		{8EE8DF4D-39F8-1832-4247-757212A15DC7} = {4D77EDFC-2A9D-4B6E-B4C2-8986D4F60AC5}
		{F110C886-26D1-E91F-AA59-60EC784B46BF} = {46D1EF08-72D4-E465-75F9-DC182C05EA0B}
		{7D28B757-D4C4-7A44-EE46-01027F90504C} = {46D1EF08-72D4-E465-75F9-DC182C05EA0B}
	EndGlobalSection
EndGlobal
