Microsoft Visual Studio Solution File, Format Version 13.00
# Visual Studio 2013
Project("{2150E333-8FDC-42A3-9474-1A3956D46DE8}") = "(bindings)", "..\..\..\..\..\bindings", "{D1A4FBCF-D8DB-B3E2-5B3F-4882C0C15F04}"
EndProject
Project("{2150E333-8FDC-42A3-9474-1A3956D46DE8}") = "(core)", "..\..\..\..\..\core", "{EC66C75D-F0EB-90DD-3EB7-C76341DD48AE}"
EndProject
Project("{8BC9CEB8-8B4A-11D0-8D11-00A0C91BC942}") = "aggregate_generated_bindings", "aggregate_generated_bindings.vcxproj", "{CC2028DB-B222-1D6E-104F-57A29436098A}"
EndProject
Project("{8BC9CEB8-8B4A-11D0-8D11-00A0C91BC942}") = "cached_jinja_templates", "cached_jinja_templates.vcxproj", "{B781C004-B548-C01B-9394-C739D0C5219E}"
EndProject
Project("{8BC9CEB8-8B4A-11D0-8D11-00A0C91BC942}") = "cached_yacc_tables", "cached_yacc_tables.vcxproj", "{367C30C6-F959-34D4-AA9D-C8B931EB1923}"
EndProject
Project("{8BC9CEB8-8B4A-11D0-8D11-00A0C91BC942}") = "event_interfaces", "event_interfaces.vcxproj", "{EB8D5AAC-2BC7-2D3E-E60A-C4A38EF9C877}"
	ProjectSection(ProjectDependencies) = postProject
		{965DBB98-CDBD-2909-8FFD-F4740F58F3FF} = {965DBB98-CDBD-2909-8FFD-F4740F58F3FF}
	EndProjectSection
EndProject
Project("{8BC9CEB8-8B4A-11D0-8D11-00A0C91BC942}") = "generated_bindings", "generated_bindings.vcxproj", "{6D786596-9A33-271A-897D-8373CBD5EE28}"
	ProjectSection(ProjectDependencies) = postProject
		{CC2028DB-B222-1D6E-104F-57A29436098A} = {CC2028DB-B222-1D6E-104F-57A29436098A}
		{EB8D5AAC-2BC7-2D3E-E60A-C4A38EF9C877} = {EB8D5AAC-2BC7-2D3E-E60A-C4A38EF9C877}
		{561D2C3E-E8FC-0AED-F2A9-C6CE7B40D7F4} = {561D2C3E-E8FC-0AED-F2A9-C6CE7B40D7F4}
	EndProjectSection
EndProject
Project("{8BC9CEB8-8B4A-11D0-8D11-00A0C91BC942}") = "generated_testing_idls", "..\core\generated_testing_idls.vcxproj", "{DB97B26E-B65F-852B-B719-299EBB6B7A9D}"
EndProject
Project("{8BC9CEB8-8B4A-11D0-8D11-00A0C91BC942}") = "global_constructors_idls", "global_constructors_idls.vcxproj", "{A944CA5C-901A-8A7B-18BF-5CC90F13EA25}"
EndProject
Project("{8BC9CEB8-8B4A-11D0-8D11-00A0C91BC942}") = "individual_generated_bindings", "individual_generated_bindings.vcxproj", "{561D2C3E-E8FC-0AED-F2A9-C6CE7B40D7F4}"
	ProjectSection(ProjectDependencies) = postProject
		{965DBB98-CDBD-2909-8FFD-F4740F58F3FF} = {965DBB98-CDBD-2909-8FFD-F4740F58F3FF}
		{367C30C6-F959-34D4-AA9D-C8B931EB1923} = {367C30C6-F959-34D4-AA9D-C8B931EB1923}
		{B781C004-B548-C01B-9394-C739D0C5219E} = {B781C004-B548-C01B-9394-C739D0C5219E}
		{DB97B26E-B65F-852B-B719-299EBB6B7A9D} = {DB97B26E-B65F-852B-B719-299EBB6B7A9D}
	EndProjectSection
EndProject
Project("{8BC9CEB8-8B4A-11D0-8D11-00A0C91BC942}") = "interfaces_info", "interfaces_info.vcxproj", "{965DBB98-CDBD-2909-8FFD-F4740F58F3FF}"
	ProjectSection(ProjectDependencies) = postProject
		{A944CA5C-901A-8A7B-18BF-5CC90F13EA25} = {A944CA5C-901A-8A7B-18BF-5CC90F13EA25}
		{DB97B26E-B65F-852B-B719-299EBB6B7A9D} = {DB97B26E-B65F-852B-B719-299EBB6B7A9D}
	EndProjectSection
EndProject
Global
	GlobalSection(SolutionConfigurationPlatforms) = preSolution
		Release|x64 = Release|x64
		Debug|Win32 = Debug|Win32
		Debug|x64 = Debug|x64
		Release|Win32 = Release|Win32
	EndGlobalSection
	GlobalSection(ProjectConfigurationPlatforms) = postSolution
		{367C30C6-F959-34D4-AA9D-C8B931EB1923}.Release|x64.ActiveCfg = Release|x64
		{367C30C6-F959-34D4-AA9D-C8B931EB1923}.Release|x64.Build.0 = Release|x64
		{367C30C6-F959-34D4-AA9D-C8B931EB1923}.Debug|Win32.ActiveCfg = Debug|Win32
		{367C30C6-F959-34D4-AA9D-C8B931EB1923}.Debug|Win32.Build.0 = Debug|Win32
		{367C30C6-F959-34D4-AA9D-C8B931EB1923}.Debug|x64.ActiveCfg = Debug|x64
		{367C30C6-F959-34D4-AA9D-C8B931EB1923}.Debug|x64.Build.0 = Debug|x64
		{367C30C6-F959-34D4-AA9D-C8B931EB1923}.Release|Win32.ActiveCfg = Release|Win32
		{367C30C6-F959-34D4-AA9D-C8B931EB1923}.Release|Win32.Build.0 = Release|Win32
		{561D2C3E-E8FC-0AED-F2A9-C6CE7B40D7F4}.Release|x64.ActiveCfg = Release|x64
		{561D2C3E-E8FC-0AED-F2A9-C6CE7B40D7F4}.Release|x64.Build.0 = Release|x64
		{561D2C3E-E8FC-0AED-F2A9-C6CE7B40D7F4}.Debug|Win32.ActiveCfg = Debug|Win32
		{561D2C3E-E8FC-0AED-F2A9-C6CE7B40D7F4}.Debug|Win32.Build.0 = Debug|Win32
		{561D2C3E-E8FC-0AED-F2A9-C6CE7B40D7F4}.Debug|x64.ActiveCfg = Debug|x64
		{561D2C3E-E8FC-0AED-F2A9-C6CE7B40D7F4}.Debug|x64.Build.0 = Debug|x64
		{561D2C3E-E8FC-0AED-F2A9-C6CE7B40D7F4}.Release|Win32.ActiveCfg = Release|Win32
		{561D2C3E-E8FC-0AED-F2A9-C6CE7B40D7F4}.Release|Win32.Build.0 = Release|Win32
		{6D786596-9A33-271A-897D-8373CBD5EE28}.Release|x64.ActiveCfg = Release|x64
		{6D786596-9A33-271A-897D-8373CBD5EE28}.Release|x64.Build.0 = Release|x64
		{6D786596-9A33-271A-897D-8373CBD5EE28}.Debug|Win32.ActiveCfg = Debug|Win32
		{6D786596-9A33-271A-897D-8373CBD5EE28}.Debug|Win32.Build.0 = Debug|Win32
		{6D786596-9A33-271A-897D-8373CBD5EE28}.Debug|x64.ActiveCfg = Debug|x64
		{6D786596-9A33-271A-897D-8373CBD5EE28}.Debug|x64.Build.0 = Debug|x64
		{6D786596-9A33-271A-897D-8373CBD5EE28}.Release|Win32.ActiveCfg = Release|Win32
		{6D786596-9A33-271A-897D-8373CBD5EE28}.Release|Win32.Build.0 = Release|Win32
		{965DBB98-CDBD-2909-8FFD-F4740F58F3FF}.Release|x64.ActiveCfg = Release|x64
		{965DBB98-CDBD-2909-8FFD-F4740F58F3FF}.Release|x64.Build.0 = Release|x64
		{965DBB98-CDBD-2909-8FFD-F4740F58F3FF}.Debug|Win32.ActiveCfg = Debug|Win32
		{965DBB98-CDBD-2909-8FFD-F4740F58F3FF}.Debug|Win32.Build.0 = Debug|Win32
		{965DBB98-CDBD-2909-8FFD-F4740F58F3FF}.Debug|x64.ActiveCfg = Debug|x64
		{965DBB98-CDBD-2909-8FFD-F4740F58F3FF}.Debug|x64.Build.0 = Debug|x64
		{965DBB98-CDBD-2909-8FFD-F4740F58F3FF}.Release|Win32.ActiveCfg = Release|Win32
		{965DBB98-CDBD-2909-8FFD-F4740F58F3FF}.Release|Win32.Build.0 = Release|Win32
		{A944CA5C-901A-8A7B-18BF-5CC90F13EA25}.Release|x64.ActiveCfg = Release|x64
		{A944CA5C-901A-8A7B-18BF-5CC90F13EA25}.Release|x64.Build.0 = Release|x64
		{A944CA5C-901A-8A7B-18BF-5CC90F13EA25}.Debug|Win32.ActiveCfg = Debug|Win32
		{A944CA5C-901A-8A7B-18BF-5CC90F13EA25}.Debug|Win32.Build.0 = Debug|Win32
		{A944CA5C-901A-8A7B-18BF-5CC90F13EA25}.Debug|x64.ActiveCfg = Debug|x64
		{A944CA5C-901A-8A7B-18BF-5CC90F13EA25}.Debug|x64.Build.0 = Debug|x64
		{A944CA5C-901A-8A7B-18BF-5CC90F13EA25}.Release|Win32.ActiveCfg = Release|Win32
		{A944CA5C-901A-8A7B-18BF-5CC90F13EA25}.Release|Win32.Build.0 = Release|Win32
		{B781C004-B548-C01B-9394-C739D0C5219E}.Release|x64.ActiveCfg = Release|x64
		{B781C004-B548-C01B-9394-C739D0C5219E}.Release|x64.Build.0 = Release|x64
		{B781C004-B548-C01B-9394-C739D0C5219E}.Debug|Win32.ActiveCfg = Debug|Win32
		{B781C004-B548-C01B-9394-C739D0C5219E}.Debug|Win32.Build.0 = Debug|Win32
		{B781C004-B548-C01B-9394-C739D0C5219E}.Debug|x64.ActiveCfg = Debug|x64
		{B781C004-B548-C01B-9394-C739D0C5219E}.Debug|x64.Build.0 = Debug|x64
		{B781C004-B548-C01B-9394-C739D0C5219E}.Release|Win32.ActiveCfg = Release|Win32
		{B781C004-B548-C01B-9394-C739D0C5219E}.Release|Win32.Build.0 = Release|Win32
		{CC2028DB-B222-1D6E-104F-57A29436098A}.Release|x64.ActiveCfg = Release|x64
		{CC2028DB-B222-1D6E-104F-57A29436098A}.Release|x64.Build.0 = Release|x64
		{CC2028DB-B222-1D6E-104F-57A29436098A}.Debug|Win32.ActiveCfg = Debug|Win32
		{CC2028DB-B222-1D6E-104F-57A29436098A}.Debug|Win32.Build.0 = Debug|Win32
		{CC2028DB-B222-1D6E-104F-57A29436098A}.Debug|x64.ActiveCfg = Debug|x64
		{CC2028DB-B222-1D6E-104F-57A29436098A}.Debug|x64.Build.0 = Debug|x64
		{CC2028DB-B222-1D6E-104F-57A29436098A}.Release|Win32.ActiveCfg = Release|Win32
		{CC2028DB-B222-1D6E-104F-57A29436098A}.Release|Win32.Build.0 = Release|Win32
		{DB97B26E-B65F-852B-B719-299EBB6B7A9D}.Release|x64.ActiveCfg = Release|x64
		{DB97B26E-B65F-852B-B719-299EBB6B7A9D}.Release|x64.Build.0 = Release|x64
		{DB97B26E-B65F-852B-B719-299EBB6B7A9D}.Debug|Win32.ActiveCfg = Debug|Win32
		{DB97B26E-B65F-852B-B719-299EBB6B7A9D}.Debug|Win32.Build.0 = Debug|Win32
		{DB97B26E-B65F-852B-B719-299EBB6B7A9D}.Debug|x64.ActiveCfg = Debug|x64
		{DB97B26E-B65F-852B-B719-299EBB6B7A9D}.Debug|x64.Build.0 = Debug|x64
		{DB97B26E-B65F-852B-B719-299EBB6B7A9D}.Release|Win32.ActiveCfg = Release|Win32
		{DB97B26E-B65F-852B-B719-299EBB6B7A9D}.Release|Win32.Build.0 = Release|Win32
		{EB8D5AAC-2BC7-2D3E-E60A-C4A38EF9C877}.Release|x64.ActiveCfg = Release|x64
		{EB8D5AAC-2BC7-2D3E-E60A-C4A38EF9C877}.Release|x64.Build.0 = Release|x64
		{EB8D5AAC-2BC7-2D3E-E60A-C4A38EF9C877}.Debug|Win32.ActiveCfg = Debug|Win32
		{EB8D5AAC-2BC7-2D3E-E60A-C4A38EF9C877}.Debug|Win32.Build.0 = Debug|Win32
		{EB8D5AAC-2BC7-2D3E-E60A-C4A38EF9C877}.Debug|x64.ActiveCfg = Debug|x64
		{EB8D5AAC-2BC7-2D3E-E60A-C4A38EF9C877}.Debug|x64.Build.0 = Debug|x64
		{EB8D5AAC-2BC7-2D3E-E60A-C4A38EF9C877}.Release|Win32.ActiveCfg = Release|Win32
		{EB8D5AAC-2BC7-2D3E-E60A-C4A38EF9C877}.Release|Win32.Build.0 = Release|Win32
	EndGlobalSection
	GlobalSection(SolutionProperties) = preSolution
		HideSolutionNode = FALSE
	EndGlobalSection
	GlobalSection(NestedProjects) = preSolution
		{CC2028DB-B222-1D6E-104F-57A29436098A} = {D1A4FBCF-D8DB-B3E2-5B3F-4882C0C15F04}
		{B781C004-B548-C01B-9394-C739D0C5219E} = {D1A4FBCF-D8DB-B3E2-5B3F-4882C0C15F04}
		{367C30C6-F959-34D4-AA9D-C8B931EB1923} = {D1A4FBCF-D8DB-B3E2-5B3F-4882C0C15F04}
		{EB8D5AAC-2BC7-2D3E-E60A-C4A38EF9C877} = {D1A4FBCF-D8DB-B3E2-5B3F-4882C0C15F04}
		{6D786596-9A33-271A-897D-8373CBD5EE28} = {D1A4FBCF-D8DB-B3E2-5B3F-4882C0C15F04}
		{A944CA5C-901A-8A7B-18BF-5CC90F13EA25} = {D1A4FBCF-D8DB-B3E2-5B3F-4882C0C15F04}
		{561D2C3E-E8FC-0AED-F2A9-C6CE7B40D7F4} = {D1A4FBCF-D8DB-B3E2-5B3F-4882C0C15F04}
		{965DBB98-CDBD-2909-8FFD-F4740F58F3FF} = {D1A4FBCF-D8DB-B3E2-5B3F-4882C0C15F04}
		{DB97B26E-B65F-852B-B719-299EBB6B7A9D} = {EC66C75D-F0EB-90DD-3EB7-C76341DD48AE}
	EndGlobalSection
EndGlobal
